{
  "name": "GovernmentBug",
  "lockfileVersion": 3,
  "requires": true,
  "packages": {
    "": {
      "dependencies": {
        "ngx-mention": "^0.0.0"
      }
    },
    "node_modules/ngx-mention": {
      "version": "0.0.0",
      "resolved": "https://registry.npmjs.org/ngx-mention/-/ngx-mention-0.0.0.tgz",
      "integrity": "sha512-SeuhXZxYoJfNDDx7l9gwkXqaTB1Xt1T0NhFXJ94iToFlqZ9LmC1hXdSt1zFuSCsFAiITGiw6xCuQqOjdNhkPwQ=="
    }
  }
}
